PODS:
  - Flutter (1.0.0)
  - SKTCaptureObjC (1.2.53)
  - socket_mobile (0.0.1):
    - Flutter
    - SKTCaptureObjC

DEPENDENCIES:
  - Flutter (from `Flutter`)
  - socket_mobile (from `.symlinks/plugins/socket_mobile/ios`)

SPEC REPOS:
  trunk:
    - SKTCaptureObjC

EXTERNAL SOURCES:
  Flutter:
    :path: Flutter
  socket_mobile:
    :path: ".symlinks/plugins/socket_mobile/ios"

SPEC CHECKSUMS:
  Flutter: 0e3d915762c693b495b44d77113d4970485de6ec
  SKTCaptureObjC: 9a831a0c6afeab39c12747563ec02d28bca915ec
  socket_mobile: 9caa46c5e62574005efa0c904ab7fdfc91df62e6

PODFILE CHECKSUM: b1f7a399522c118a74b177b13c01eca692aa7e6d

COCOAPODS: 1.9.3
